
Microsoft Visual Studio Solution File, Format Version 12.00
# Visual Studio Version 17
VisualStudioVersion = 17.11.35327.3
MinimumVisualStudioVersion = 10.0.40219.1
Project("{FAE04EC0-301F-11D3-BF4B-00C04F79EFBC}") = "Y&YReservas", "Y&YReservas\Y&YReservas.csproj", "{29C435F9-9090-4922-92C0-78928EC548C5}"
EndProject
Global
	GlobalSection(SolutionConfigurationPlatforms) = preSolution
		Debug|Any CPU = Debug|Any CPU
		Release|Any CPU = Release|Any CPU
	EndGlobalSection
	GlobalSection(ProjectConfigurationPlatforms) = postSolution
		{29C435F9-9090-4922-92C0-78928EC548C5}.Debug|Any CPU.ActiveCfg = Debug|Any CPU
		{29C435F9-9090-4922-92C0-78928EC548C5}.Debug|Any CPU.Build.0 = Debug|Any CPU
		{29C435F9-9090-4922-92C0-78928EC548C5}.Release|Any CPU.ActiveCfg = Release|Any CPU
		{29C435F9-9090-4922-92C0-78928EC548C5}.Release|Any CPU.Build.0 = Release|Any CPU
	EndGlobalSection
	GlobalSection(SolutionProperties) = preSolution
		HideSolutionNode = FALSE
	EndGlobalSection
	GlobalSection(ExtensibilityGlobals) = postSolution
		SolutionGuid = {FA910A60-0370-4E12-936A-EA5CEB12C34C}
	EndGlobalSection
EndGlobal
